
Microsoft Visual Studio Solution File, Format Version 12.00
# Visual Studio 15
VisualStudioVersion = 15.0.28307.960
MinimumVisualStudioVersion = 10.0.40219.1
Project("{FAE04EC0-301F-11D3-BF4B-00C04F79EFBC}") = "Ascent cruise control", "Ascent cruise control\Ascent cruise control.csproj", "{447C4BE7-013E-4EA9-827C-C7C85788F9B2}"
EndProject
Global
	GlobalSection(SolutionConfigurationPlatforms) = preSolution
		Clipboard|Any CPU = Clipboard|Any CPU
		Debug|Any CPU = Debug|Any CPU
		Release|Any CPU = Release|Any CPU
	EndGlobalSection
	GlobalSection(ProjectConfigurationPlatforms) = postSolution
		{447C4BE7-013E-4EA9-827C-C7C85788F9B2}.Clipboard|Any CPU.ActiveCfg = Clipboard|Any CPU
		{447C4BE7-013E-4EA9-827C-C7C85788F9B2}.Clipboard|Any CPU.Build.0 = Clipboard|Any CPU
		{447C4BE7-013E-4EA9-827C-C7C85788F9B2}.Debug|Any CPU.ActiveCfg = Debug|Any CPU
		{447C4BE7-013E-4EA9-827C-C7C85788F9B2}.Debug|Any CPU.Build.0 = Debug|Any CPU
		{447C4BE7-013E-4EA9-827C-C7C85788F9B2}.Release|Any CPU.ActiveCfg = Release|Any CPU
		{447C4BE7-013E-4EA9-827C-C7C85788F9B2}.Release|Any CPU.Build.0 = Release|Any CPU
	EndGlobalSection
	GlobalSection(SolutionProperties) = preSolution
		HideSolutionNode = FALSE
	EndGlobalSection
	GlobalSection(ExtensibilityGlobals) = postSolution
		SolutionGuid = {6229CE81-3D81-461A-BF80-792F8DE9D7E2}
	EndGlobalSection
EndGlobal
